// !$*UTF8*$!
{
	archiveVersion = 1;
	classes = {
	};
	objectVersion = 54;
	objects = {

/* Begin PBXBuildFile section */
		00E356F31AD99517003FC87E /* perfectAppTests.m in Sources */ = {isa = PBXBuildFile; fileRef = 00E356F21AD99517003FC87E /* perfectAppTests.m */; };
		13B07FBC1A68108700A75B9A /* AppDelegate.m in Sources */ = {isa = PBXBuildFile; fileRef = 13B07FB01A68108700A75B9A /* AppDelegate.m */; };
		13B07FBF1A68108700A75B9A /* Images.xcassets in Resources */ = {isa = PBXBuildFile; fileRef = 13B07FB51A68108700A75B9A /* Images.xcassets */; };
		13B07FC11A68108700A75B9A /* main.m in Sources */ = {isa = PBXBuildFile; fileRef = 13B07FB71A68108700A75B9A /* main.m */; };
		81AB9BB82411601600AC10FF /* LaunchScreen.storyboard in Resources */ = {isa = PBXBuildFile; fileRef = 81AB9BB72411601600AC10FF /* LaunchScreen.storyboard */; };
		880A21298A05A5CCF3CBA01F /* libPods-perfectApp.a in Frameworks */ = {isa = PBXBuildFile; fileRef = 999CEFC581D39684B1A12BBD /* libPods-perfectApp.a */; };
		CC3A6D3BAB8228F64CF9020E /* libPods-perfectApp-perfectAppTests.a in Frameworks */ = {isa = PBXBuildFile; fileRef = 781FE7125111B20BFE0C4C28 /* libPods-perfectApp-perfectAppTests.a */; };
		CD2603C6288664BF0008C029 /* SKProduct+StringPrice.m in Sources */ = {isa = PBXBuildFile; fileRef = CD2603B5288664BE0008C029 /* SKProduct+StringPrice.m */; };
		CD2603C7288664BF0008C029 /* SignHandleKeyChain.m in Sources */ = {isa = PBXBuildFile; fileRef = CD2603B8288664BE0008C029 /* SignHandleKeyChain.m */; };
		CD2603C8288664BF0008C029 /* SignWithAppleHelper.m in Sources */ = {isa = PBXBuildFile; fileRef = CD2603BA288664BE0008C029 /* SignWithAppleHelper.m */; };
		CD2603C9288664BF0008C029 /* CoustomView.m in Sources */ = {isa = PBXBuildFile; fileRef = CD2603BD288664BF0008C029 /* CoustomView.m */; };
		CD2603CA288664BF0008C029 /* RCTClearCache.m in Sources */ = {isa = PBXBuildFile; fileRef = CD2603C0288664BF0008C029 /* RCTClearCache.m */; };
		CD2603CB288664BF0008C029 /* SignWithApple.m in Sources */ = {isa = PBXBuildFile; fileRef = CD2603C2288664BF0008C029 /* SignWithApple.m */; };
		CD2603CC288664BF0008C029 /* SceneDelegate.m in Sources */ = {isa = PBXBuildFile; fileRef = CD2603C3288664BF0008C029 /* SceneDelegate.m */; };
		CD2603CD288664BF0008C029 /* iconfont.ttf in Resources */ = {isa = PBXBuildFile; fileRef = CD2603C4288664BF0008C029 /* iconfont.ttf */; };
		CD2603CE288664BF0008C029 /* InAppUtils.m in Sources */ = {isa = PBXBuildFile; fileRef = CD2603C5288664BF0008C029 /* InAppUtils.m */; };
		CD2603D0288664ED0008C029 /* StoreKit.framework in Frameworks */ = {isa = PBXBuildFile; fileRef = CD2603CF288664ED0008C029 /* StoreKit.framework */; };
		CD2603D2288665160008C029 /* libz.tbd in Frameworks */ = {isa = PBXBuildFile; fileRef = CD2603D1288665160008C029 /* libz.tbd */; };
		CD2603D42886651D0008C029 /* libc.tbd in Frameworks */ = {isa = PBXBuildFile; fileRef = CD2603D32886651D0008C029 /* libc.tbd */; };
		CD2603D6288665250008C029 /* CoreTelephony.framework in Frameworks */ = {isa = PBXBuildFile; fileRef = CD2603D5288665250008C029 /* CoreTelephony.framework */; };
		CD2603D82886652F0008C029 /* CoreMotion.framework in Frameworks */ = {isa = PBXBuildFile; fileRef = CD2603D72886652F0008C029 /* CoreMotion.framework */; };
		CD2603DA288665380008C029 /* WebKit.framework in Frameworks */ = {isa = PBXBuildFile; fileRef = CD2603D9288665380008C029 /* WebKit.framework */; };
		CD2603DC288665420008C029 /* libsqlite3.0.tbd in Frameworks */ = {isa = PBXBuildFile; fileRef = CD2603DB288665420008C029 /* libsqlite3.0.tbd */; };
		CD2603DE288665480008C029 /* SystemConfiguration.framework in Frameworks */ = {isa = PBXBuildFile; fileRef = CD2603DD288665480008C029 /* SystemConfiguration.framework */; };
		CD2603E0288665510008C029 /* UserNotifications.framework in Frameworks */ = {isa = PBXBuildFile; fileRef = CD2603DF288665500008C029 /* UserNotifications.framework */; };
		CD2603E22886655D0008C029 /* libresolv.tbd in Frameworks */ = {isa = PBXBuildFile; fileRef = CD2603E12886655D0008C029 /* libresolv.tbd */; };
		CD2603E4288679A30008C029 /* start.png in Resources */ = {isa = PBXBuildFile; fileRef = CD2603E3288679A30008C029 /* start.png */; };
/* End PBXBuildFile section */

/* Begin PBXContainerItemProxy section */
		00E356F41AD99517003FC87E /* PBXContainerItemProxy */ = {
			isa = PBXContainerItemProxy;
			containerPortal = 83CBB9F71A601CBA00E9B192 /* Project object */;
			proxyType = 1;
			remoteGlobalIDString = 13B07F861A680F5B00A75B9A;
			remoteInfo = perfectApp;
		};
/* End PBXContainerItemProxy section */

/* Begin PBXFileReference section */
		00E356EE1AD99517003FC87E /* perfectAppTests.xctest */ = {isa = PBXFileReference; explicitFileType = wrapper.cfbundle; includeInIndex = 0; path = perfectAppTests.xctest; sourceTree = BUILT_PRODUCTS_DIR; };
		00E356F11AD99517003FC87E /* Info.plist */ = {isa = PBXFileReference; lastKnownFileType = text.plist.xml; path = Info.plist; sourceTree = "<group>"; };
		00E356F21AD99517003FC87E /* perfectAppTests.m */ = {isa = PBXFileReference; lastKnownFileType = sourcecode.c.objc; path = perfectAppTests.m; sourceTree = "<group>"; };
		13B07F961A680F5B00A75B9A /* perfectApp.app */ = {isa = PBXFileReference; explicitFileType = wrapper.application; includeInIndex = 0; path = perfectApp.app; sourceTree = BUILT_PRODUCTS_DIR; };
		13B07FAF1A68108700A75B9A /* AppDelegate.h */ = {isa = PBXFileReference; fileEncoding = 4; lastKnownFileType = sourcecode.c.h; name = AppDelegate.h; path = perfectApp/AppDelegate.h; sourceTree = "<group>"; };
		13B07FB01A68108700A75B9A /* AppDelegate.m */ = {isa = PBXFileReference; fileEncoding = 4; lastKnownFileType = sourcecode.c.objc; name = AppDelegate.m; path = perfectApp/AppDelegate.m; sourceTree = "<group>"; };
		13B07FB51A68108700A75B9A /* Images.xcassets */ = {isa = PBXFileReference; lastKnownFileType = folder.assetcatalog; name = Images.xcassets; path = perfectApp/Images.xcassets; sourceTree = "<group>"; };
		13B07FB61A68108700A75B9A /* Info.plist */ = {isa = PBXFileReference; fileEncoding = 4; lastKnownFileType = text.plist.xml; name = Info.plist; path = perfectApp/Info.plist; sourceTree = "<group>"; };
		13B07FB71A68108700A75B9A /* main.m */ = {isa = PBXFileReference; fileEncoding = 4; lastKnownFileType = sourcecode.c.objc; name = main.m; path = perfectApp/main.m; sourceTree = "<group>"; };
		5A007179F67A51845352BE5A /* Pods-perfectApp-perfectAppTests.release.xcconfig */ = {isa = PBXFileReference; includeInIndex = 1; lastKnownFileType = text.xcconfig; name = "Pods-perfectApp-perfectAppTests.release.xcconfig"; path = "Target Support Files/Pods-perfectApp-perfectAppTests/Pods-perfectApp-perfectAppTests.release.xcconfig"; sourceTree = "<group>"; };
		781FE7125111B20BFE0C4C28 /* libPods-perfectApp-perfectAppTests.a */ = {isa = PBXFileReference; explicitFileType = archive.ar; includeInIndex = 0; path = "libPods-perfectApp-perfectAppTests.a"; sourceTree = BUILT_PRODUCTS_DIR; };
		8011986F867ED56DA1F9513F /* Pods-perfectApp.release.xcconfig */ = {isa = PBXFileReference; includeInIndex = 1; lastKnownFileType = text.xcconfig; name = "Pods-perfectApp.release.xcconfig"; path = "Target Support Files/Pods-perfectApp/Pods-perfectApp.release.xcconfig"; sourceTree = "<group>"; };
		81AB9BB72411601600AC10FF /* LaunchScreen.storyboard */ = {isa = PBXFileReference; fileEncoding = 4; lastKnownFileType = file.storyboard; name = LaunchScreen.storyboard; path = perfectApp/LaunchScreen.storyboard; sourceTree = "<group>"; };
		999CEFC581D39684B1A12BBD /* libPods-perfectApp.a */ = {isa = PBXFileReference; explicitFileType = archive.ar; includeInIndex = 0; path = "libPods-perfectApp.a"; sourceTree = BUILT_PRODUCTS_DIR; };
		9EDF74B8AD47EA49D5FA456F /* Pods-perfectApp-perfectAppTests.debug.xcconfig */ = {isa = PBXFileReference; includeInIndex = 1; lastKnownFileType = text.xcconfig; name = "Pods-perfectApp-perfectAppTests.debug.xcconfig"; path = "Target Support Files/Pods-perfectApp-perfectAppTests/Pods-perfectApp-perfectAppTests.debug.xcconfig"; sourceTree = "<group>"; };
		CD2603B4288664BE0008C029 /* CoustomView.h */ = {isa = PBXFileReference; fileEncoding = 4; lastKnownFileType = sourcecode.c.h; name = CoustomView.h; path = perfectApp/CoustomView.h; sourceTree = "<group>"; };
		CD2603B5288664BE0008C029 /* SKProduct+StringPrice.m */ = {isa = PBXFileReference; fileEncoding = 4; lastKnownFileType = sourcecode.c.objc; name = "SKProduct+StringPrice.m"; path = "perfectApp/SKProduct+StringPrice.m"; sourceTree = "<group>"; };
		CD2603B6288664BE0008C029 /* SignHandleKeyChain.h */ = {isa = PBXFileReference; fileEncoding = 4; lastKnownFileType = sourcecode.c.h; name = SignHandleKeyChain.h; path = perfectApp/SignHandleKeyChain.h; sourceTree = "<group>"; };
		CD2603B7288664BE0008C029 /* SignWithAppleHelper.h */ = {isa = PBXFileReference; fileEncoding = 4; lastKnownFileType = sourcecode.c.h; name = SignWithAppleHelper.h; path = perfectApp/SignWithAppleHelper.h; sourceTree = "<group>"; };
		CD2603B8288664BE0008C029 /* SignHandleKeyChain.m */ = {isa = PBXFileReference; fileEncoding = 4; lastKnownFileType = sourcecode.c.objc; name = SignHandleKeyChain.m; path = perfectApp/SignHandleKeyChain.m; sourceTree = "<group>"; };
		CD2603B9288664BE0008C029 /* InAppUtils.h */ = {isa = PBXFileReference; fileEncoding = 4; lastKnownFileType = sourcecode.c.h; name = InAppUtils.h; path = perfectApp/InAppUtils.h; sourceTree = "<group>"; };
		CD2603BA288664BE0008C029 /* SignWithAppleHelper.m */ = {isa = PBXFileReference; fileEncoding = 4; lastKnownFileType = sourcecode.c.objc; name = SignWithAppleHelper.m; path = perfectApp/SignWithAppleHelper.m; sourceTree = "<group>"; };
		CD2603BB288664BE0008C029 /* SKProduct+StringPrice.h */ = {isa = PBXFileReference; fileEncoding = 4; lastKnownFileType = sourcecode.c.h; name = "SKProduct+StringPrice.h"; path = "perfectApp/SKProduct+StringPrice.h"; sourceTree = "<group>"; };
		CD2603BC288664BE0008C029 /* perfectApp.entitlements */ = {isa = PBXFileReference; fileEncoding = 4; lastKnownFileType = text.plist.entitlements; name = perfectApp.entitlements; path = perfectApp/perfectApp.entitlements; sourceTree = "<group>"; };
		CD2603BD288664BF0008C029 /* CoustomView.m */ = {isa = PBXFileReference; fileEncoding = 4; lastKnownFileType = sourcecode.c.objc; name = CoustomView.m; path = perfectApp/CoustomView.m; sourceTree = "<group>"; };
		CD2603BE288664BF0008C029 /* SignWithApple.h */ = {isa = PBXFileReference; fileEncoding = 4; lastKnownFileType = sourcecode.c.h; name = SignWithApple.h; path = perfectApp/SignWithApple.h; sourceTree = "<group>"; };
		CD2603BF288664BF0008C029 /* RCTClearCache.h */ = {isa = PBXFileReference; fileEncoding = 4; lastKnownFileType = sourcecode.c.h; name = RCTClearCache.h; path = perfectApp/RCTClearCache.h; sourceTree = "<group>"; };
		CD2603C0288664BF0008C029 /* RCTClearCache.m */ = {isa = PBXFileReference; fileEncoding = 4; lastKnownFileType = sourcecode.c.objc; name = RCTClearCache.m; path = perfectApp/RCTClearCache.m; sourceTree = "<group>"; };
		CD2603C1288664BF0008C029 /* SceneDelegate.h */ = {isa = PBXFileReference; fileEncoding = 4; lastKnownFileType = sourcecode.c.h; name = SceneDelegate.h; path = perfectApp/SceneDelegate.h; sourceTree = "<group>"; };
		CD2603C2288664BF0008C029 /* SignWithApple.m */ = {isa = PBXFileReference; fileEncoding = 4; lastKnownFileType = sourcecode.c.objc; name = SignWithApple.m; path = perfectApp/SignWithApple.m; sourceTree = "<group>"; };
		CD2603C3288664BF0008C029 /* SceneDelegate.m */ = {isa = PBXFileReference; fileEncoding = 4; lastKnownFileType = sourcecode.c.objc; name = SceneDelegate.m; path = perfectApp/SceneDelegate.m; sourceTree = "<group>"; };
		CD2603C4288664BF0008C029 /* iconfont.ttf */ = {isa = PBXFileReference; lastKnownFileType = file; name = iconfont.ttf; path = perfectApp/iconfont.ttf; sourceTree = "<group>"; };
		CD2603C5288664BF0008C029 /* InAppUtils.m */ = {isa = PBXFileReference; fileEncoding = 4; lastKnownFileType = sourcecode.c.objc; name = InAppUtils.m; path = perfectApp/InAppUtils.m; sourceTree = "<group>"; };
		CD2603CF288664ED0008C029 /* StoreKit.framework */ = {isa = PBXFileReference; lastKnownFileType = wrapper.framework; name = StoreKit.framework; path = System/Library/Frameworks/StoreKit.framework; sourceTree = SDKROOT; };
		CD2603D1288665160008C029 /* libz.tbd */ = {isa = PBXFileReference; lastKnownFileType = "sourcecode.text-based-dylib-definition"; name = libz.tbd; path = usr/lib/libz.tbd; sourceTree = SDKROOT; };
		CD2603D32886651D0008C029 /* libc.tbd */ = {isa = PBXFileReference; lastKnownFileType = "sourcecode.text-based-dylib-definition"; name = libc.tbd; path = usr/lib/libc.tbd; sourceTree = SDKROOT; };
		CD2603D5288665250008C029 /* CoreTelephony.framework */ = {isa = PBXFileReference; lastKnownFileType = wrapper.framework; name = CoreTelephony.framework; path = System/Library/Frameworks/CoreTelephony.framework; sourceTree = SDKROOT; };
		CD2603D72886652F0008C029 /* CoreMotion.framework */ = {isa = PBXFileReference; lastKnownFileType = wrapper.framework; name = CoreMotion.framework; path = System/Library/Frameworks/CoreMotion.framework; sourceTree = SDKROOT; };
		CD2603D9288665380008C029 /* WebKit.framework */ = {isa = PBXFileReference; lastKnownFileType = wrapper.framework; name = WebKit.framework; path = System/Library/Frameworks/WebKit.framework; sourceTree = SDKROOT; };
		CD2603DB288665420008C029 /* libsqlite3.0.tbd */ = {isa = PBXFileReference; lastKnownFileType = "sourcecode.text-based-dylib-definition"; name = libsqlite3.0.tbd; path = usr/lib/libsqlite3.0.tbd; sourceTree = SDKROOT; };
		CD2603DD288665480008C029 /* SystemConfiguration.framework */ = {isa = PBXFileReference; lastKnownFileType = wrapper.framework; name = SystemConfiguration.framework; path = System/Library/Frameworks/SystemConfiguration.framework; sourceTree = SDKROOT; };
		CD2603DF288665500008C029 /* UserNotifications.framework */ = {isa = PBXFileReference; lastKnownFileType = wrapper.framework; name = UserNotifications.framework; path = System/Library/Frameworks/UserNotifications.framework; sourceTree = SDKROOT; };
		CD2603E12886655D0008C029 /* libresolv.tbd */ = {isa = PBXFileReference; lastKnownFileType = "sourcecode.text-based-dylib-definition"; name = libresolv.tbd; path = usr/lib/libresolv.tbd; sourceTree = SDKROOT; };
		CD2603E3288679A30008C029 /* start.png */ = {isa = PBXFileReference; lastKnownFileType = image.png; name = start.png; path = perfectApp/start.png; sourceTree = "<group>"; };
		E51906C9E17A48B7CF445A6E /* Pods-perfectApp.debug.xcconfig */ = {isa = PBXFileReference; includeInIndex = 1; lastKnownFileType = text.xcconfig; name = "Pods-perfectApp.debug.xcconfig"; path = "Target Support Files/Pods-perfectApp/Pods-perfectApp.debug.xcconfig"; sourceTree = "<group>"; };
		ED297162215061F000B7C4FE /* JavaScriptCore.framework */ = {isa = PBXFileReference; lastKnownFileType = wrapper.framework; name = JavaScriptCore.framework; path = System/Library/Frameworks/JavaScriptCore.framework; sourceTree = SDKROOT; };
/* End PBXFileReference section */

/* Begin PBXFrameworksBuildPhase section */
		00E356EB1AD99517003FC87E /* Frameworks */ = {
			isa = PBXFrameworksBuildPhase;
			buildActionMask = 2147483647;
			files = (
				CC3A6D3BAB8228F64CF9020E /* libPods-perfectApp-perfectAppTests.a in Frameworks */,
			);
			runOnlyForDeploymentPostprocessing = 0;
		};
		13B07F8C1A680F5B00A75B9A /* Frameworks */ = {
			isa = PBXFrameworksBuildPhase;
			buildActionMask = 2147483647;
			files = (
				CD2603E22886655D0008C029 /* libresolv.tbd in Frameworks */,
				CD2603E0288665510008C029 /* UserNotifications.framework in Frameworks */,
				CD2603DE288665480008C029 /* SystemConfiguration.framework in Frameworks */,
				CD2603DC288665420008C029 /* libsqlite3.0.tbd in Frameworks */,
				CD2603DA288665380008C029 /* WebKit.framework in Frameworks */,
				CD2603D82886652F0008C029 /* CoreMotion.framework in Frameworks */,
				CD2603D6288665250008C029 /* CoreTelephony.framework in Frameworks */,
				CD2603D42886651D0008C029 /* libc.tbd in Frameworks */,
				CD2603D2288665160008C029 /* libz.tbd in Frameworks */,
				880A21298A05A5CCF3CBA01F /* libPods-perfectApp.a in Frameworks */,
				CD2603D0288664ED0008C029 /* StoreKit.framework in Frameworks */,
			);
			runOnlyForDeploymentPostprocessing = 0;
		};
/* End PBXFrameworksBuildPhase section */

/* Begin PBXGroup section */
		00E356EF1AD99517003FC87E /* perfectAppTests */ = {
			isa = PBXGroup;
			children = (
				00E356F21AD99517003FC87E /* perfectAppTests.m */,
				00E356F01AD99517003FC87E /* Supporting Files */,
			);
			path = perfectAppTests;
			sourceTree = "<group>";
		};
		00E356F01AD99517003FC87E /* Supporting Files */ = {
			isa = PBXGroup;
			children = (
				00E356F11AD99517003FC87E /* Info.plist */,
			);
			name = "Supporting Files";
			sourceTree = "<group>";
		};
		13B07FAE1A68108700A75B9A /* perfectApp */ = {
			isa = PBXGroup;
			children = (
				CD2603E3288679A30008C029 /* start.png */,
				CD2603B4288664BE0008C029 /* CoustomView.h */,
				CD2603BD288664BF0008C029 /* CoustomView.m */,
				CD2603C4288664BF0008C029 /* iconfont.ttf */,
				CD2603B9288664BE0008C029 /* InAppUtils.h */,
				CD2603C5288664BF0008C029 /* InAppUtils.m */,
				CD2603BC288664BE0008C029 /* perfectApp.entitlements */,
				CD2603BF288664BF0008C029 /* RCTClearCache.h */,
				CD2603C0288664BF0008C029 /* RCTClearCache.m */,
				CD2603C1288664BF0008C029 /* SceneDelegate.h */,
				CD2603C3288664BF0008C029 /* SceneDelegate.m */,
				CD2603B6288664BE0008C029 /* SignHandleKeyChain.h */,
				CD2603B8288664BE0008C029 /* SignHandleKeyChain.m */,
				CD2603BE288664BF0008C029 /* SignWithApple.h */,
				CD2603C2288664BF0008C029 /* SignWithApple.m */,
				CD2603B7288664BE0008C029 /* SignWithAppleHelper.h */,
				CD2603BA288664BE0008C029 /* SignWithAppleHelper.m */,
				CD2603BB288664BE0008C029 /* SKProduct+StringPrice.h */,
				CD2603B5288664BE0008C029 /* SKProduct+StringPrice.m */,
				13B07FAF1A68108700A75B9A /* AppDelegate.h */,
				13B07FB01A68108700A75B9A /* AppDelegate.m */,
				13B07FB51A68108700A75B9A /* Images.xcassets */,
				13B07FB61A68108700A75B9A /* Info.plist */,
				81AB9BB72411601600AC10FF /* LaunchScreen.storyboard */,
				13B07FB71A68108700A75B9A /* main.m */,
			);
			name = perfectApp;
			sourceTree = "<group>";
		};
		2D16E6871FA4F8E400B85C8A /* Frameworks */ = {
			isa = PBXGroup;
			children = (
				CD2603E12886655D0008C029 /* libresolv.tbd */,
				CD2603DF288665500008C029 /* UserNotifications.framework */,
				CD2603DD288665480008C029 /* SystemConfiguration.framework */,
				CD2603DB288665420008C029 /* libsqlite3.0.tbd */,
				CD2603D9288665380008C029 /* WebKit.framework */,
				CD2603D72886652F0008C029 /* CoreMotion.framework */,
				CD2603D5288665250008C029 /* CoreTelephony.framework */,
				CD2603D32886651D0008C029 /* libc.tbd */,
				CD2603D1288665160008C029 /* libz.tbd */,
				CD2603CF288664ED0008C029 /* StoreKit.framework */,
				ED297162215061F000B7C4FE /* JavaScriptCore.framework */,
				999CEFC581D39684B1A12BBD /* libPods-perfectApp.a */,
				781FE7125111B20BFE0C4C28 /* libPods-perfectApp-perfectAppTests.a */,
			);
			name = Frameworks;
			sourceTree = "<group>";
		};
		832341AE1AAA6A7D00B99B32 /* Libraries */ = {
			isa = PBXGroup;
			children = (
			);
			name = Libraries;
			sourceTree = "<group>";
		};
		83CBB9F61A601CBA00E9B192 = {
			isa = PBXGroup;
			children = (
				13B07FAE1A68108700A75B9A /* perfectApp */,
				832341AE1AAA6A7D00B99B32 /* Libraries */,
				00E356EF1AD99517003FC87E /* perfectAppTests */,
				83CBBA001A601CBA00E9B192 /* Products */,
				2D16E6871FA4F8E400B85C8A /* Frameworks */,
				A93A95F4D94C8B3CF580FD42 /* Pods */,
			);
			indentWidth = 2;
			sourceTree = "<group>";
			tabWidth = 2;
			usesTabs = 0;
		};
		83CBBA001A601CBA00E9B192 /* Products */ = {
			isa = PBXGroup;
			children = (
				13B07F961A680F5B00A75B9A /* perfectApp.app */,
				00E356EE1AD99517003FC87E /* perfectAppTests.xctest */,
			);
			name = Products;
			sourceTree = "<group>";
		};
		A93A95F4D94C8B3CF580FD42 /* Pods */ = {
			isa = PBXGroup;
			children = (
				E51906C9E17A48B7CF445A6E /* Pods-perfectApp.debug.xcconfig */,
				8011986F867ED56DA1F9513F /* Pods-perfectApp.release.xcconfig */,
				9EDF74B8AD47EA49D5FA456F /* Pods-perfectApp-perfectAppTests.debug.xcconfig */,
				5A007179F67A51845352BE5A /* Pods-perfectApp-perfectAppTests.release.xcconfig */,
			);
			path = Pods;
			sourceTree = "<group>";
		};
/* End PBXGroup section */

/* Begin PBXNativeTarget section */
		00E356ED1AD99517003FC87E /* perfectAppTests */ = {
			isa = PBXNativeTarget;
			buildConfigurationList = 00E357021AD99517003FC87E /* Build configuration list for PBXNativeTarget "perfectAppTests" */;
			buildPhases = (
				125B0970795D234776F69D8C /* [CP] Check Pods Manifest.lock */,
				00E356EA1AD99517003FC87E /* Sources */,
				00E356EB1AD99517003FC87E /* Frameworks */,
				00E356EC1AD99517003FC87E /* Resources */,
				9F9B8ABFAAE9FAB99649B3E1 /* [CP] Embed Pods Frameworks */,
				3206D85C977DB30473D3990E /* [CP] Copy Pods Resources */,
			);
			buildRules = (
			);
			dependencies = (
				00E356F51AD99517003FC87E /* PBXTargetDependency */,
			);
			name = perfectAppTests;
			productName = perfectAppTests;
			productReference = 00E356EE1AD99517003FC87E /* perfectAppTests.xctest */;
			productType = "com.apple.product-type.bundle.unit-test";
		};
		13B07F861A680F5B00A75B9A /* perfectApp */ = {
			isa = PBXNativeTarget;
			buildConfigurationList = 13B07F931A680F5B00A75B9A /* Build configuration list for PBXNativeTarget "perfectApp" */;
			buildPhases = (
				732E9259B9CE6C916451E04B /* [CP] Check Pods Manifest.lock */,
				FD10A7F022414F080027D42C /* Start Packager */,
				13B07F871A680F5B00A75B9A /* Sources */,
				13B07F8C1A680F5B00A75B9A /* Frameworks */,
				13B07F8E1A680F5B00A75B9A /* Resources */,
				00DD1BFF1BD5951E006B06BC /* Bundle React Native code and images */,
				B106AA3CF8A37A92AA1BB02E /* [CP] Embed Pods Frameworks */,
				04F2C63F56C76D5870FEFA15 /* [CP] Copy Pods Resources */,
			);
			buildRules = (
			);
			dependencies = (
			);
			name = perfectApp;
			productName = perfectApp;
			productReference = 13B07F961A680F5B00A75B9A /* perfectApp.app */;
			productType = "com.apple.product-type.application";
		};
/* End PBXNativeTarget section */

/* Begin PBXProject section */
		83CBB9F71A601CBA00E9B192 /* Project object */ = {
			isa = PBXProject;
			attributes = {
				LastUpgradeCheck = 1210;
				TargetAttributes = {
					00E356ED1AD99517003FC87E = {
						CreatedOnToolsVersion = 6.2;
						TestTargetID = 13B07F861A680F5B00A75B9A;
					};
					13B07F861A680F5B00A75B9A = {
						LastSwiftMigration = 1120;
					};
				};
			};
			buildConfigurationList = 83CBB9FA1A601CBA00E9B192 /* Build configuration list for PBXProject "perfectApp" */;
			compatibilityVersion = "Xcode 12.0";
			developmentRegion = en;
			hasScannedForEncodings = 0;
			knownRegions = (
				en,
				Base,
			);
			mainGroup = 83CBB9F61A601CBA00E9B192;
			productRefGroup = 83CBBA001A601CBA00E9B192 /* Products */;
			projectDirPath = "";
			projectRoot = "";
			targets = (
				13B07F861A680F5B00A75B9A /* perfectApp */,
				00E356ED1AD99517003FC87E /* perfectAppTests */,
			);
		};
/* End PBXProject section */

/* Begin PBXResourcesBuildPhase section */
		00E356EC1AD99517003FC87E /* Resources */ = {
			isa = PBXResourcesBuildPhase;
			buildActionMask = 2147483647;
			files = (
			);
			runOnlyForDeploymentPostprocessing = 0;
		};
		13B07F8E1A680F5B00A75B9A /* Resources */ = {
			isa = PBXResourcesBuildPhase;
			buildActionMask = 2147483647;
			files = (
				81AB9BB82411601600AC10FF /* LaunchScreen.storyboard in Resources */,
				13B07FBF1A68108700A75B9A /* Images.xcassets in Resources */,
				CD2603E4288679A30008C029 /* start.png in Resources */,
				CD2603CD288664BF0008C029 /* iconfont.ttf in Resources */,
			);
			runOnlyForDeploymentPostprocessing = 0;
		};
/* End PBXResourcesBuildPhase section */

/* Begin PBXShellScriptBuildPhase section */
		00DD1BFF1BD5951E006B06BC /* Bundle React Native code and images */ = {
			isa = PBXShellScriptBuildPhase;
			buildActionMask = 2147483647;
			files = (
			);
			inputPaths = (
			);
			name = "Bundle React Native code and images";
			outputPaths = (
			);
			runOnlyForDeploymentPostprocessing = 0;
			shellPath = /bin/sh;
			shellScript = "set -e\n\nexport NODE_BINARY=node\n../node_modules/react-native/scripts/react-native-xcode.sh\n";
		};
		04F2C63F56C76D5870FEFA15 /* [CP] Copy Pods Resources */ = {
			isa = PBXShellScriptBuildPhase;
			buildActionMask = 2147483647;
			files = (
			);
			inputFileListPaths = (
				"${PODS_ROOT}/Target Support Files/Pods-perfectApp/Pods-perfectApp-resources-${CONFIGURATION}-input-files.xcfilelist",
			);
			name = "[CP] Copy Pods Resources";
			outputFileListPaths = (
				"${PODS_ROOT}/Target Support Files/Pods-perfectApp/Pods-perfectApp-resources-${CONFIGURATION}-output-files.xcfilelist",
			);
			runOnlyForDeploymentPostprocessing = 0;
			shellPath = /bin/sh;
			shellScript = "\"${PODS_ROOT}/Target Support Files/Pods-perfectApp/Pods-perfectApp-resources.sh\"\n";
			showEnvVarsInLog = 0;
		};
		125B0970795D234776F69D8C /* [CP] Check Pods Manifest.lock */ = {
			isa = PBXShellScriptBuildPhase;
			buildActionMask = 2147483647;
			files = (
			);
			inputFileListPaths = (
			);
			inputPaths = (
				"${PODS_PODFILE_DIR_PATH}/Podfile.lock",
				"${PODS_ROOT}/Manifest.lock",
			);
			name = "[CP] Check Pods Manifest.lock";
			outputFileListPaths = (
			);
			outputPaths = (
				"$(DERIVED_FILE_DIR)/Pods-perfectApp-perfectAppTests-checkManifestLockResult.txt",
			);
			runOnlyForDeploymentPostprocessing = 0;
			shellPath = /bin/sh;
			shellScript = "diff \"${PODS_PODFILE_DIR_PATH}/Podfile.lock\" \"${PODS_ROOT}/Manifest.lock\" > /dev/null\nif [ $? != 0 ] ; then\n    # print error to STDERR\n    echo \"error: The sandbox is not in sync with the Podfile.lock. Run 'pod install' or update your CocoaPods installation.\" >&2\n    exit 1\nfi\n# This output is used by Xcode 'outputs' to avoid re-running this script phase.\necho \"SUCCESS\" > \"${SCRIPT_OUTPUT_FILE_0}\"\n";
			showEnvVarsInLog = 0;
		};
		3206D85C977DB30473D3990E /* [CP] Copy Pods Resources */ = {
			isa = PBXShellScriptBuildPhase;
			buildActionMask = 2147483647;
			files = (
			);
			inputFileListPaths = (
				"${PODS_ROOT}/Target Support Files/Pods-perfectApp-perfectAppTests/Pods-perfectApp-perfectAppTests-resources-${CONFIGURATION}-input-files.xcfilelist",
			);
			name = "[CP] Copy Pods Resources";
			outputFileListPaths = (
				"${PODS_ROOT}/Target Support Files/Pods-perfectApp-perfectAppTests/Pods-perfectApp-perfectAppTests-resources-${CONFIGURATION}-output-files.xcfilelist",
			);
			runOnlyForDeploymentPostprocessing = 0;
			shellPath = /bin/sh;
			shellScript = "\"${PODS_ROOT}/Target Support Files/Pods-perfectApp-perfectAppTests/Pods-perfectApp-perfectAppTests-resources.sh\"\n";
			showEnvVarsInLog = 0;
		};
		732E9259B9CE6C916451E04B /* [CP] Check Pods Manifest.lock */ = {
			isa = PBXShellScriptBuildPhase;
			buildActionMask = 2147483647;
			files = (
			);
			inputFileListPaths = (
			);
			inputPaths = (
				"${PODS_PODFILE_DIR_PATH}/Podfile.lock",
				"${PODS_ROOT}/Manifest.lock",
			);
			name = "[CP] Check Pods Manifest.lock";
			outputFileListPaths = (
			);
			outputPaths = (
				"$(DERIVED_FILE_DIR)/Pods-perfectApp-checkManifestLockResult.txt",
			);
			runOnlyForDeploymentPostprocessing = 0;
			shellPath = /bin/sh;
			shellScript = "diff \"${PODS_PODFILE_DIR_PATH}/Podfile.lock\" \"${PODS_ROOT}/Manifest.lock\" > /dev/null\nif [ $? != 0 ] ; then\n    # print error to STDERR\n    echo \"error: The sandbox is not in sync with the Podfile.lock. Run 'pod install' or update your CocoaPods installation.\" >&2\n    exit 1\nfi\n# This output is used by Xcode 'outputs' to avoid re-running this script phase.\necho \"SUCCESS\" > \"${SCRIPT_OUTPUT_FILE_0}\"\n";
			showEnvVarsInLog = 0;
		};
		9F9B8ABFAAE9FAB99649B3E1 /* [CP] Embed Pods Frameworks */ = {
			isa = PBXShellScriptBuildPhase;
			buildActionMask = 2147483647;
			files = (
			);
			inputFileListPaths = (
				"${PODS_ROOT}/Target Support Files/Pods-perfectApp-perfectAppTests/Pods-perfectApp-perfectAppTests-frameworks-${CONFIGURATION}-input-files.xcfilelist",
			);
			name = "[CP] Embed Pods Frameworks";
			outputFileListPaths = (
				"${PODS_ROOT}/Target Support Files/Pods-perfectApp-perfectAppTests/Pods-perfectApp-perfectAppTests-frameworks-${CONFIGURATION}-output-files.xcfilelist",
			);
			runOnlyForDeploymentPostprocessing = 0;
			shellPath = /bin/sh;
			shellScript = "\"${PODS_ROOT}/Target Support Files/Pods-perfectApp-perfectAppTests/Pods-perfectApp-perfectAppTests-frameworks.sh\"\n";
			showEnvVarsInLog = 0;
		};
		B106AA3CF8A37A92AA1BB02E /* [CP] Embed Pods Frameworks */ = {
			isa = PBXShellScriptBuildPhase;
			buildActionMask = 2147483647;
			files = (
			);
			inputFileListPaths = (
				"${PODS_ROOT}/Target Support Files/Pods-perfectApp/Pods-perfectApp-frameworks-${CONFIGURATION}-input-files.xcfilelist",
			);
			name = "[CP] Embed Pods Frameworks";
			outputFileListPaths = (
				"${PODS_ROOT}/Target Support Files/Pods-perfectApp/Pods-perfectApp-frameworks-${CONFIGURATION}-output-files.xcfilelist",
			);
			runOnlyForDeploymentPostprocessing = 0;
			shellPath = /bin/sh;
			shellScript = "\"${PODS_ROOT}/Target Support Files/Pods-perfectApp/Pods-perfectApp-frameworks.sh\"\n";
			showEnvVarsInLog = 0;
		};
		FD10A7F022414F080027D42C /* Start Packager */ = {
			isa = PBXShellScriptBuildPhase;
			buildActionMask = 2147483647;
			files = (
			);
			inputFileListPaths = (
			);
			inputPaths = (
			);
			name = "Start Packager";
			outputFileListPaths = (
			);
			outputPaths = (
			);
			runOnlyForDeploymentPostprocessing = 0;
			shellPath = /bin/sh;
			shellScript = "export RCT_METRO_PORT=\"${RCT_METRO_PORT:=8081}\"\necho \"export RCT_METRO_PORT=${RCT_METRO_PORT}\" > \"${SRCROOT}/../node_modules/react-native/scripts/.packager.env\"\nif [ -z \"${RCT_NO_LAUNCH_PACKAGER+xxx}\" ] ; then\n  if nc -w 5 -z localhost ${RCT_METRO_PORT} ; then\n    if ! curl -s \"http://localhost:${RCT_METRO_PORT}/status\" | grep -q \"packager-status:running\" ; then\n      echo \"Port ${RCT_METRO_PORT} already in use, packager is either not running or not running correctly\"\n      exit 2\n    fi\n  else\n    open \"$SRCROOT/../node_modules/react-native/scripts/launchPackager.command\" || echo \"Can't start packager automatically\"\n  fi\nfi\n";
			showEnvVarsInLog = 0;
		};
/* End PBXShellScriptBuildPhase section */

/* Begin PBXSourcesBuildPhase section */
		00E356EA1AD99517003FC87E /* Sources */ = {
			isa = PBXSourcesBuildPhase;
			buildActionMask = 2147483647;
			files = (
				00E356F31AD99517003FC87E /* perfectAppTests.m in Sources */,
			);
			runOnlyForDeploymentPostprocessing = 0;
		};
		13B07F871A680F5B00A75B9A /* Sources */ = {
			isa = PBXSourcesBuildPhase;
			buildActionMask = 2147483647;
			files = (
				CD2603CE288664BF0008C029 /* InAppUtils.m in Sources */,
				CD2603C7288664BF0008C029 /* SignHandleKeyChain.m in Sources */,
				CD2603CB288664BF0008C029 /* SignWithApple.m in Sources */,
				CD2603CA288664BF0008C029 /* RCTClearCache.m in Sources */,
				13B07FBC1A68108700A75B9A /* AppDelegate.m in Sources */,
				CD2603CC288664BF0008C029 /* SceneDelegate.m in Sources */,
				CD2603C8288664BF0008C029 /* SignWithAppleHelper.m in Sources */,
				CD2603C9288664BF0008C029 /* CoustomView.m in Sources */,
				13B07FC11A68108700A75B9A /* main.m in Sources */,
				CD2603C6288664BF0008C029 /* SKProduct+StringPrice.m in Sources */,
			);
			runOnlyForDeploymentPostprocessing = 0;
		};
/* End PBXSourcesBuildPhase section */

/* Begin PBXTargetDependency section */
		00E356F51AD99517003FC87E /* PBXTargetDependency */ = {
			isa = PBXTargetDependency;
			target = 13B07F861A680F5B00A75B9A /* perfectApp */;
			targetProxy = 00E356F41AD99517003FC87E /* PBXContainerItemProxy */;
		};
/* End PBXTargetDependency section */

/* Begin XCBuildConfiguration section */
		00E356F61AD99517003FC87E /* Debug */ = {
			isa = XCBuildConfiguration;
			baseConfigurationReference = 9EDF74B8AD47EA49D5FA456F /* Pods-perfectApp-perfectAppTests.debug.xcconfig */;
			buildSettings = {
				BUNDLE_LOADER = "$(TEST_HOST)";
				GCC_PREPROCESSOR_DEFINITIONS = (
					"DEBUG=1",
					"$(inherited)",
				);
				INFOPLIST_FILE = perfectAppTests/Info.plist;
				IPHONEOS_DEPLOYMENT_TARGET = 11.0;
				LD_RUNPATH_SEARCH_PATHS = (
					"$(inherited)",
					"@executable_path/Frameworks",
					"@loader_path/Frameworks",
				);
				OTHER_LDFLAGS = (
					"-ObjC",
					"-lc++",
					"$(inherited)",
				);
				PRODUCT_BUNDLE_IDENTIFIER = "org.reactjs.native.example.$(PRODUCT_NAME:rfc1034identifier)";
				PRODUCT_NAME = "$(TARGET_NAME)";
				TEST_HOST = "$(BUILT_PRODUCTS_DIR)/perfectApp.app/perfectApp";
			};
			name = Debug;
		};
		00E356F71AD99517003FC87E /* Release */ = {
			isa = XCBuildConfiguration;
			baseConfigurationReference = 5A007179F67A51845352BE5A /* Pods-perfectApp-perfectAppTests.release.xcconfig */;
			buildSettings = {
				BUNDLE_LOADER = "$(TEST_HOST)";
				COPY_PHASE_STRIP = NO;
				INFOPLIST_FILE = perfectAppTests/Info.plist;
				IPHONEOS_DEPLOYMENT_TARGET = 11.0;
				LD_RUNPATH_SEARCH_PATHS = (
					"$(inherited)",
					"@executable_path/Frameworks",
					"@loader_path/Frameworks",
				);
				OTHER_LDFLAGS = (
					"-ObjC",
					"-lc++",
					"$(inherited)",
				);
				PRODUCT_BUNDLE_IDENTIFIER = "org.reactjs.native.example.$(PRODUCT_NAME:rfc1034identifier)";
				PRODUCT_NAME = "$(TARGET_NAME)";
				TEST_HOST = "$(BUILT_PRODUCTS_DIR)/perfectApp.app/perfectApp";
			};
			name = Release;
		};
		13B07F941A680F5B00A75B9A /* Debug */ = {
			isa = XCBuildConfiguration;
			baseConfigurationReference = E51906C9E17A48B7CF445A6E /* Pods-perfectApp.debug.xcconfig */;
			buildSettings = {
				ASSETCATALOG_COMPILER_APPICON_NAME = AppIcon;
				CLANG_ENABLE_MODULES = YES;
				CODE_SIGN_ENTITLEMENTS = perfectApp/perfectApp.entitlements;
				CODE_SIGN_IDENTITY = "Apple Development";
				CODE_SIGN_STYLE = Manual;
				CURRENT_PROJECT_VERSION = 3;
				DEVELOPMENT_TEAM = "";
				ENABLE_BITCODE = NO;
				INFOPLIST_FILE = perfectApp/Info.plist;
				LD_RUNPATH_SEARCH_PATHS = (
					"$(inherited)",
					"@executable_path/Frameworks",
				);
				MARKETING_VERSION = 2.0.5;
				OTHER_LDFLAGS = (
					"$(inherited)",
					"-ObjC",
					"-lc++",
				);
				PRODUCT_BUNDLE_IDENTIFIER = com.perfect99.university;
				PRODUCT_NAME = perfectApp;
				PROVISIONING_PROFILE_SPECIFIER = "";
				SWIFT_OPTIMIZATION_LEVEL = "-Onone";
				SWIFT_VERSION = 5.0;
				VERSIONING_SYSTEM = "apple-generic";
			};
			name = Debug;
		};
		13B07F951A680F5B00A75B9A /* Release */ = {
			isa = XCBuildConfiguration;
			baseConfigurationReference = 8011986F867ED56DA1F9513F /* Pods-perfectApp.release.xcconfig */;
			buildSettings = {
				ASSETCATALOG_COMPILER_APPICON_NAME = AppIcon;
				CLANG_ENABLE_MODULES = YES;
				CODE_SIGN_ENTITLEMENTS = perfectApp/perfectApp.entitlements;
				CODE_SIGN_IDENTITY = "Apple Development";
				CODE_SIGN_STYLE = Automatic;
				CURRENT_PROJECT_VERSION = 3;
				DEVELOPMENT_TEAM = Z9P7VBML98;
				INFOPLIST_FILE = perfectApp/Info.plist;
				LD_RUNPATH_SEARCH_PATHS = (
					"$(inherited)",
					"@executable_path/Frameworks",
				);
				MARKETING_VERSION = 2.0.5;
				OTHER_LDFLAGS = (
					"$(inherited)",
					"-ObjC",
					"-lc++",
				);
				PRODUCT_BUNDLE_IDENTIFIER = com.perfect99.university;
				PRODUCT_NAME = perfectApp;
				PROVISIONING_PROFILE_SPECIFIER = "";
				SWIFT_VERSION = 5.0;
				VERSIONING_SYSTEM = "apple-generic";
			};
			name = Release;
		};
		83CBBA201A601CBA00E9B192 /* Debug */ = {
			isa = XCBuildConfiguration;
			buildSettings = {
				ALWAYS_SEARCH_USER_PATHS = NO;
				CLANG_ANALYZER_LOCALIZABILITY_NONLOCALIZED = YES;
				CLANG_CXX_LANGUAGE_STANDARD = "gnu++0x";
				CLANG_CXX_LIBRARY = "libc++";
				CLANG_ENABLE_MODULES = YES;
				CLANG_ENABLE_OBJC_ARC = YES;
				CLANG_WARN_BLOCK_CAPTURE_AUTORELEASING = YES;
				CLANG_WARN_BOOL_CONVERSION = YES;
				CLANG_WARN_COMMA = YES;
				CLANG_WARN_CONSTANT_CONVERSION = YES;
				CLANG_WARN_DEPRECATED_OBJC_IMPLEMENTATIONS = YES;
				CLANG_WARN_DIRECT_OBJC_ISA_USAGE = YES_ERROR;
				CLANG_WARN_EMPTY_BODY = YES;
				CLANG_WARN_ENUM_CONVERSION = YES;
				CLANG_WARN_INFINITE_RECURSION = YES;
				CLANG_WARN_INT_CONVERSION = YES;
				CLANG_WARN_NON_LITERAL_NULL_CONVERSION = YES;
				CLANG_WARN_OBJC_IMPLICIT_RETAIN_SELF = YES;
				CLANG_WARN_OBJC_LITERAL_CONVERSION = YES;
				CLANG_WARN_OBJC_ROOT_CLASS = YES_ERROR;
				CLANG_WARN_QUOTED_INCLUDE_IN_FRAMEWORK_HEADER = YES;
				CLANG_WARN_RANGE_LOOP_ANALYSIS = YES;
				CLANG_WARN_STRICT_PROTOTYPES = YES;
				CLANG_WARN_SUSPICIOUS_MOVE = YES;
				CLANG_WARN_UNREACHABLE_CODE = YES;
				CLANG_WARN__DUPLICATE_METHOD_MATCH = YES;
				"CODE_SIGN_IDENTITY[sdk=iphoneos*]" = "iPhone Developer";
				COPY_PHASE_STRIP = NO;
				ENABLE_STRICT_OBJC_MSGSEND = YES;
				ENABLE_TESTABILITY = YES;
				"EXCLUDED_ARCHS[sdk=iphonesimulator*]" = "arm64 ";
				GCC_C_LANGUAGE_STANDARD = gnu99;
				GCC_DYNAMIC_NO_PIC = NO;
				GCC_NO_COMMON_BLOCKS = YES;
				GCC_OPTIMIZATION_LEVEL = 0;
				GCC_PREPROCESSOR_DEFINITIONS = (
					"DEBUG=1",
					"$(inherited)",
				);
				GCC_SYMBOLS_PRIVATE_EXTERN = NO;
				GCC_WARN_64_TO_32_BIT_CONVERSION = YES;
				GCC_WARN_ABOUT_RETURN_TYPE = YES_ERROR;
				GCC_WARN_UNDECLARED_SELECTOR = YES;
				GCC_WARN_UNINITIALIZED_AUTOS = YES_AGGRESSIVE;
				GCC_WARN_UNUSED_FUNCTION = YES;
				GCC_WARN_UNUSED_VARIABLE = YES;
				IPHONEOS_DEPLOYMENT_TARGET = 11.0;
				LD_RUNPATH_SEARCH_PATHS = (
					/usr/lib/swift,
					"$(inherited)",
				);
				LIBRARY_SEARCH_PATHS = (
					"\"$(TOOLCHAIN_DIR)/usr/lib/swift/$(PLATFORM_NAME)\"",
					"\"$(TOOLCHAIN_DIR)/usr/lib/swift-5.0/$(PLATFORM_NAME)\"",
					"\"$(inherited)\"",
				);
				MTL_ENABLE_DEBUG_INFO = YES;
				ONLY_ACTIVE_ARCH = YES;
				SDKROOT = iphoneos;
			};
			name = Debug;
		};
		83CBBA211A601CBA00E9B192 /* Release */ = {
			isa = XCBuildConfiguration;
			buildSettings = {
				ALWAYS_SEARCH_USER_PATHS = NO;
				CLANG_ANALYZER_LOCALIZABILITY_NONLOCALIZED = YES;
				CLANG_CXX_LANGUAGE_STANDARD = "gnu++0x";
				CLANG_CXX_LIBRARY = "libc++";
				CLANG_ENABLE_MODULES = YES;
				CLANG_ENABLE_OBJC_ARC = YES;
				CLANG_WARN_BLOCK_CAPTURE_AUTORELEASING = YES;
				CLANG_WARN_BOOL_CONVERSION = YES;
				CLANG_WARN_COMMA = YES;
				CLANG_WARN_CONSTANT_CONVERSION = YES;
				CLANG_WARN_DEPRECATED_OBJC_IMPLEMENTATIONS = YES;
				CLANG_WARN_DIRECT_OBJC_ISA_USAGE = YES_ERROR;
				CLANG_WARN_EMPTY_BODY = YES;
				CLANG_WARN_ENUM_CONVERSION = YES;
				CLANG_WARN_INFINITE_RECURSION = YES;
				CLANG_WARN_INT_CONVERSION = YES;
				CLANG_WARN_NON_LITERAL_NULL_CONVERSION = YES;
				CLANG_WARN_OBJC_IMPLICIT_RETAIN_SELF = YES;
				CLANG_WARN_OBJC_LITERAL_CONVERSION = YES;
				CLANG_WARN_OBJC_ROOT_CLASS = YES_ERROR;
				CLANG_WARN_QUOTED_INCLUDE_IN_FRAMEWORK_HEADER = YES;
				CLANG_WARN_RANGE_LOOP_ANALYSIS = YES;
				CLANG_WARN_STRICT_PROTOTYPES = YES;
				CLANG_WARN_SUSPICIOUS_MOVE = YES;
				CLANG_WARN_UNREACHABLE_CODE = YES;
				CLANG_WARN__DUPLICATE_METHOD_MATCH = YES;
				"CODE_SIGN_IDENTITY[sdk=iphoneos*]" = "iPhone Developer";
				COPY_PHASE_STRIP = YES;
				ENABLE_NS_ASSERTIONS = NO;
				ENABLE_STRICT_OBJC_MSGSEND = YES;
				"EXCLUDED_ARCHS[sdk=iphonesimulator*]" = "arm64 ";
				GCC_C_LANGUAGE_STANDARD = gnu99;
				GCC_NO_COMMON_BLOCKS = YES;
				GCC_WARN_64_TO_32_BIT_CONVERSION = YES;
				GCC_WARN_ABOUT_RETURN_TYPE = YES_ERROR;
				GCC_WARN_UNDECLARED_SELECTOR = YES;
				GCC_WARN_UNINITIALIZED_AUTOS = YES_AGGRESSIVE;
				GCC_WARN_UNUSED_FUNCTION = YES;
				GCC_WARN_UNUSED_VARIABLE = YES;
				IPHONEOS_DEPLOYMENT_TARGET = 11.0;
				LD_RUNPATH_SEARCH_PATHS = (
					/usr/lib/swift,
					"$(inherited)",
				);
				LIBRARY_SEARCH_PATHS = (
					"\"$(TOOLCHAIN_DIR)/usr/lib/swift/$(PLATFORM_NAME)\"",
					"\"$(TOOLCHAIN_DIR)/usr/lib/swift-5.0/$(PLATFORM_NAME)\"",
					"\"$(inherited)\"",
				);
				MTL_ENABLE_DEBUG_INFO = NO;
				SDKROOT = iphoneos;
				VALIDATE_PRODUCT = YES;
			};
			name = Release;
		};
/* End XCBuildConfiguration section */

/* Begin XCConfigurationList section */
		00E357021AD99517003FC87E /* Build configuration list for PBXNativeTarget "perfectAppTests" */ = {
			isa = XCConfigurationList;
			buildConfigurations = (
				00E356F61AD99517003FC87E /* Debug */,
				00E356F71AD99517003FC87E /* Release */,
			);
			defaultConfigurationIsVisible = 0;
			defaultConfigurationName = Release;
		};
		13B07F931A680F5B00A75B9A /* Build configuration list for PBXNativeTarget "perfectApp" */ = {
			isa = XCConfigurationList;
			buildConfigurations = (
				13B07F941A680F5B00A75B9A /* Debug */,
				13B07F951A680F5B00A75B9A /* Release */,
			);
			defaultConfigurationIsVisible = 0;
			defaultConfigurationName = Release;
		};
		83CBB9FA1A601CBA00E9B192 /* Build configuration list for PBXProject "perfectApp" */ = {
			isa = XCConfigurationList;
			buildConfigurations = (
				83CBBA201A601CBA00E9B192 /* Debug */,
				83CBBA211A601CBA00E9B192 /* Release */,
			);
			defaultConfigurationIsVisible = 0;
			defaultConfigurationName = Release;
		};
/* End XCConfigurationList section */
	};
	rootObject = 83CBB9F71A601CBA00E9B192 /* Project object */;
}
